GEM
  remote: https://rubygems.org/
  specs:
    CFPropertyList (2.3.5)
    actioncable (5.0.2)
      actionpack (= 5.0.2)
      nio4r (>= 1.2, < 3.0)
      websocket-driver (~> 0.6.1)
    actionmailer (5.0.2)
      actionpack (= 5.0.2)
      actionview (= 5.0.2)
      activejob (= 5.0.2)
      mail (~> 2.5, >= 2.5.4)
      rails-dom-testing (~> 2.0)
    actionpack (5.0.2)
      actionview (= 5.0.2)
      activesupport (= 5.0.2)
      rack (~> 2.0)
      rack-test (~> 0.6.3)
      rails-dom-testing (~> 2.0)
      rails-html-sanitizer (~> 1.0, >= 1.0.2)
    actionview (5.0.2)
      activesupport (= 5.0.2)
      builder (~> 3.1)
      erubis (~> 2.7.0)
      rails-dom-testing (~> 2.0)
      rails-html-sanitizer (~> 1.0, >= 1.0.3)
    active_model_serializers (0.10.5)
      actionpack (>= 4.1, < 6)
      activemodel (>= 4.1, < 6)
      case_transform (>= 0.2)
      jsonapi-renderer (>= 0.1.1.beta1, < 0.2)
    activejob (5.0.2)
      activesupport (= 5.0.2)
      globalid (>= 0.3.6)
    activemodel (5.0.2)
      activesupport (= 5.0.2)
    activerecord (5.0.2)
      activemodel (= 5.0.2)
      activesupport (= 5.0.2)
      arel (~> 7.0)
    activesupport (5.0.2)
      concurrent-ruby (~> 1.0, >= 1.0.2)
      i18n (~> 0.7)
      minitest (~> 5.1)
      tzinfo (~> 1.1)
    acts_as_commentable (4.0.2)
    acts_as_follower (0.2.1)
    acts_as_votable (0.10.0)
    addressable (2.5.1)
      public_suffix (~> 2.0, >= 2.0.2)
    after_commit_action (1.0.1)
      activerecord (>= 3.0.0)
      activesupport (>= 3.0.0)
    ambry (1.0.0)
    arel (7.1.4)
    auto_html (1.6.4)
      redcarpet (~> 3.1)
      rinku (~> 1.5.0)
    autoprefixer-rails (6.7.7.2)
      execjs
    bcrypt (3.1.11)
    better_errors (2.1.1)
      coderay (>= 1.0.0)
      erubis (>= 2.6.6)
      rack (>= 0.9.0)
    binding_of_caller (0.7.2)
      debug_inspector (>= 0.0.1)
    bootstrap-sass (3.2.0.2)
      sass (~> 3.2)
    builder (3.2.3)
    carrierwave (1.0.0)
      activemodel (>= 4.0.0)
      activesupport (>= 4.0.0)
      mime-types (>= 1.16)
    case_transform (0.2)
      activesupport
    coderay (1.1.1)
    concurrent-ruby (1.0.5)
    counter_culture (0.1.34)
      activerecord (>= 3.0.0)
      activesupport (>= 3.0.0)
      after_commit_action (~> 1.0.0)
    crass (1.0.2)
    debug_inspector (0.0.2)
    devise (4.2.1)
      bcrypt (~> 3.0)
      orm_adapter (~> 0.1)
      railties (>= 4.1.0, < 5.1)
      responders
      warden (~> 1.2.3)
    diff-lcs (1.3)
    erubis (2.7.0)
    excon (0.55.0)
    execjs (2.7.0)
    faker (1.7.3)
      i18n (~> 0.5)
    ffi (1.9.18)
    fission (0.5.0)
      CFPropertyList (~> 2.2)
    fog (1.40.0)
      fog-aliyun (>= 0.1.0)
      fog-atmos
      fog-aws (>= 0.6.0)
      fog-brightbox (~> 0.4)
      fog-cloudatcost (~> 0.1.0)
      fog-core (~> 1.43)
      fog-digitalocean (>= 0.3.0)
      fog-dnsimple (~> 1.0)
      fog-dynect (~> 0.0.2)
      fog-ecloud (~> 0.1)
      fog-google (<= 0.1.0)
      fog-json
      fog-local
      fog-openstack
      fog-powerdns (>= 0.1.1)
      fog-profitbricks
      fog-rackspace
      fog-radosgw (>= 0.0.2)
      fog-riakcs
      fog-sakuracloud (>= 0.0.4)
      fog-serverlove
      fog-softlayer
      fog-storm_on_demand
      fog-terremark
      fog-vmfusion
      fog-voxel
      fog-vsphere (>= 0.4.0)
      fog-xenserver
      fog-xml (~> 0.1.1)
      ipaddress (~> 0.5)
      json (>= 1.8, < 2.0)
    fog-aliyun (0.1.0)
      fog-core (~> 1.27)
      fog-json (~> 1.0)
      ipaddress (~> 0.8)
      xml-simple (~> 1.1)
    fog-atmos (0.1.0)
      fog-core
      fog-xml
    fog-aws (1.3.0)
      fog-core (~> 1.38)
      fog-json (~> 1.0)
      fog-xml (~> 0.1)
      ipaddress (~> 0.8)
    fog-brightbox (0.11.0)
      fog-core (~> 1.22)
      fog-json
      inflecto (~> 0.0.2)
    fog-cloudatcost (0.1.2)
      fog-core (~> 1.36)
      fog-json (~> 1.0)
      fog-xml (~> 0.1)
      ipaddress (~> 0.8)
    fog-core (1.43.0)
      builder
      excon (~> 0.49)
      formatador (~> 0.2)
    fog-digitalocean (0.3.0)
      fog-core (~> 1.42)
      fog-json (>= 1.0)
      fog-xml (>= 0.1)
      ipaddress (>= 0.5)
    fog-dnsimple (1.0.0)
      fog-core (~> 1.38)
      fog-json (~> 1.0)
    fog-dynect (0.0.3)
      fog-core
      fog-json
      fog-xml
    fog-ecloud (0.3.0)
      fog-core
      fog-xml
    fog-google (0.1.0)
      fog-core
      fog-json
      fog-xml
    fog-json (1.0.2)
      fog-core (~> 1.0)
      multi_json (~> 1.10)
    fog-local (0.3.1)
      fog-core (~> 1.27)
    fog-openstack (0.1.20)
      fog-core (>= 1.40)
      fog-json (>= 1.0)
      ipaddress (>= 0.8)
    fog-powerdns (0.1.1)
      fog-core (~> 1.27)
      fog-json (~> 1.0)
      fog-xml (~> 0.1)
    fog-profitbricks (3.0.0)
      fog-core (~> 1.42)
      fog-json (~> 1.0)
    fog-rackspace (0.1.5)
      fog-core (>= 1.35)
      fog-json (>= 1.0)
      fog-xml (>= 0.1)
      ipaddress (>= 0.8)
    fog-radosgw (0.0.5)
      fog-core (>= 1.21.0)
      fog-json
      fog-xml (>= 0.0.1)
    fog-riakcs (0.1.0)
      fog-core
      fog-json
      fog-xml
    fog-sakuracloud (1.7.5)
      fog-core
      fog-json
    fog-serverlove (0.1.2)
      fog-core
      fog-json
    fog-softlayer (1.1.4)
      fog-core
      fog-json
    fog-storm_on_demand (0.1.1)
      fog-core
      fog-json
    fog-terremark (0.1.0)
      fog-core
      fog-xml
    fog-vmfusion (0.1.0)
      fission
      fog-core
    fog-voxel (0.1.0)
      fog-core
      fog-xml
    fog-vsphere (1.9.1)
      fog-core
      rbvmomi (~> 1.9)
    fog-xenserver (0.3.0)
      fog-core
      fog-xml
    fog-xml (0.1.3)
      fog-core
      nokogiri (>= 1.5.11, < 2.0.0)
    font-awesome-rails (4.7.0.1)
      railties (>= 3.2, < 5.1)
    formatador (0.2.5)
    friendly_id (5.2.1)
      activerecord (>= 4.0.0)
    globalid (0.4.0)
      activesupport (>= 4.2.0)
    guard (2.14.1)
      formatador (>= 0.2.4)
      listen (>= 2.7, < 4.0)
      lumberjack (~> 1.0)
      nenv (~> 0.1)
      notiffany (~> 0.0)
      pry (>= 0.9.12)
      shellany (~> 0.0)
      thor (>= 0.18.1)
    guard-rspec (4.2.10)
      guard (~> 2.1)
      rspec (>= 2.14, < 4.0)
    i18n (0.8.1)
    inflecto (0.0.2)
    ipaddress (0.8.3)
    jquery-atwho-rails (1.3.2)
    jquery-rails (4.3.1)
      rails-dom-testing (>= 1, < 3)
      railties (>= 4.2.0)
      thor (>= 0.14, < 2.0)
    json (1.8.6)
    jsonapi-renderer (0.1.2)
    kgio (2.11.0)
    launchy (2.4.3)
      addressable (~> 2.3)
    letter_opener (1.4.1)
      launchy (~> 2.2)
    listen (3.1.5)
      rb-fsevent (~> 0.9, >= 0.9.4)
      rb-inotify (~> 0.9, >= 0.9.7)
      ruby_dep (~> 1.2)
    loofah (2.0.3)
      nokogiri (>= 1.5.9)
    lumberjack (1.0.11)
    mail (2.6.5)
      mime-types (>= 1.16, < 4)
    merit (2.4.0)
      ambry (~> 1.0.0)
    method_source (0.8.2)
    mime-types (3.1)
      mime-types-data (~> 3.2015)
    mime-types-data (3.2016.0521)
    mini_portile2 (2.1.0)
    minitest (5.10.1)
    multi_json (1.12.1)
    nenv (0.3.0)
    nio4r (2.0.0)
    nokogiri (1.7.1)
      mini_portile2 (~> 2.1.0)
    nokogumbo (1.4.10)
      nokogiri
    notiffany (0.1.1)
      nenv (~> 0.1)
      shellany (~> 0.0)
    orm_adapter (0.5.0)
    pg (0.20.0)
    populator (1.0.0)
    pry (0.10.4)
      coderay (~> 1.1.0)
      method_source (~> 0.8.1)
      slop (~> 3.4)
    public_activity (1.5.0)
      actionpack (>= 3.0.0)
      activerecord (>= 3.0)
      i18n (>= 0.5.0)
      railties (>= 3.0.0)
    public_suffix (2.0.5)
    puma (3.8.2)
    rack (2.0.1)
    rack-test (0.6.3)
      rack (>= 1.0)
    rails (5.0.2)
      actioncable (= 5.0.2)
      actionmailer (= 5.0.2)
      actionpack (= 5.0.2)
      actionview (= 5.0.2)
      activejob (= 5.0.2)
      activemodel (= 5.0.2)
      activerecord (= 5.0.2)
      activesupport (= 5.0.2)
      bundler (>= 1.3.0, < 2.0)
      railties (= 5.0.2)
      sprockets-rails (>= 2.0.0)
    rails-dom-testing (2.0.2)
      activesupport (>= 4.2.0, < 6.0)
      nokogiri (~> 1.6)
    rails-html-sanitizer (1.0.3)
      loofah (~> 2.0)
    rails_12factor (0.0.3)
      rails_serve_static_assets
      rails_stdout_logging
    rails_serve_static_assets (0.0.5)
    rails_stdout_logging (0.0.5)
    railties (5.0.2)
      actionpack (= 5.0.2)
      activesupport (= 5.0.2)
      method_source
      rake (>= 0.8.7)
      thor (>= 0.18.1, < 2.0)
    raindrops (0.18.0)
    rake (12.0.0)
    rb-fsevent (0.9.8)
    rb-inotify (0.9.8)
      ffi (>= 0.5.0)
    rbvmomi (1.11.1)
      builder (~> 3.0)
      json (>= 1.8)
      nokogiri (~> 1.5)
      trollop (~> 2.1)
    redcarpet (3.4.0)
    responders (2.3.0)
      railties (>= 4.2.0, < 5.1)
    rinku (1.5.1)
    rspec (3.5.0)
      rspec-core (~> 3.5.0)
      rspec-expectations (~> 3.5.0)
      rspec-mocks (~> 3.5.0)
    rspec-core (3.5.4)
      rspec-support (~> 3.5.0)
    rspec-expectations (3.5.0)
      diff-lcs (>= 1.2.0, < 2.0)
      rspec-support (~> 3.5.0)
    rspec-mocks (3.5.0)
      diff-lcs (>= 1.2.0, < 2.0)
      rspec-support (~> 3.5.0)
    rspec-support (3.5.0)
    ruby_dep (1.5.0)
    sanitize (4.4.0)
      crass (~> 1.0.2)
      nokogiri (>= 1.4.4)
      nokogumbo (~> 1.4.1)
    sass (3.4.23)
    sass-rails (5.0.6)
      railties (>= 4.0.0, < 6)
      sass (~> 3.1)
      sprockets (>= 2.8, < 4.0)
      sprockets-rails (>= 2.0, < 4.0)
      tilt (>= 1.1, < 3)
    shellany (0.0.1)
    slop (3.6.0)
    spring (2.0.1)
      activesupport (>= 4.2)
    sprockets (3.7.1)
      concurrent-ruby (~> 1.0)
      rack (> 1, < 3)
    sprockets-rails (3.2.0)
      actionpack (>= 4.0)
      activesupport (>= 4.0)
      sprockets (>= 3.0.0)
    sqlite3 (1.3.13)
    thor (0.19.4)
    thread_safe (0.3.6)
    tilt (2.0.7)
    trollop (2.1.2)
    tzinfo (1.2.3)
      thread_safe (~> 0.1)
    uglifier (3.2.0)
      execjs (>= 0.3.0, < 3)
    unicorn (5.3.0)
      kgio (~> 2.6)
      raindrops (~> 0.7)
    warden (1.2.7)
      rack (>= 1.0)
    websocket-driver (0.6.5)
      websocket-extensions (>= 0.1.0)
    websocket-extensions (0.1.2)
    will_paginate (3.1.5)
    xml-simple (1.1.5)

PLATFORMS
  ruby

DEPENDENCIES
  active_model_serializers
  acts_as_commentable
  acts_as_follower
  acts_as_votable (~> 0.10.0)
  auto_html (~> 1.6.4)
  autoprefixer-rails
  better_errors
  binding_of_caller
  bootstrap-sass (~> 3.2.0)
  carrierwave
  counter_culture (~> 0.1.33)
  devise
  faker
  fog
  fog-aws
  font-awesome-rails
  friendly_id (~> 5.0)
  guard
  guard-rspec (~> 4.2.8)
  jquery-atwho-rails
  jquery-rails
  letter_opener
  merit
  pg
  populator
  public_activity
  puma
  rails (= 5.0.2)
  rails_12factor
  sanitize
  sass-rails (~> 5.0.0)
  spring
  sqlite3
  uglifier (>= 1.3.0)
  unicorn
  will_paginate (~> 3.1.0)

RUBY VERSION
   ruby 2.3.1p112

BUNDLED WITH
   1.14.6
